// !$*UTF8*$!
{
	archiveVersion = 1;
	classes = {
	};
	objectVersion = 55;
	objects = {

/* Begin PBXBuildFile section */
		D1528D9828C6363800E68D94 /* LocalState.swift in Sources */ = {isa = PBXBuildFile; fileRef = D1528D9728C6363800E68D94 /* LocalState.swift */; };
		D1528D9A28C664F200E68D94 /* UIViewController+Utils.swift in Sources */ = {isa = PBXBuildFile; fileRef = D1528D9928C664F200E68D94 /* UIViewController+Utils.swift */; };
		D1528D9C28C669C100E68D94 /* MainViewController.swift in Sources */ = {isa = PBXBuildFile; fileRef = D1528D9B28C669C100E68D94 /* MainViewController.swift */; };
		D15F13A128D0AD7700A6E1A1 /* AccountSummaryViewController.swift in Sources */ = {isa = PBXBuildFile; fileRef = D15F13A028D0AD7700A6E1A1 /* AccountSummaryViewController.swift */; };
		D15F13A328D0B15E00A6E1A1 /* AccountSummaryHeaderView.swift in Sources */ = {isa = PBXBuildFile; fileRef = D15F13A228D0B15E00A6E1A1 /* AccountSummaryHeaderView.swift */; };
		D15F13A528D0B18C00A6E1A1 /* AccountSummaryHeaderView.xib in Resources */ = {isa = PBXBuildFile; fileRef = D15F13A428D0B18C00A6E1A1 /* AccountSummaryHeaderView.xib */; };
		D167692D28A15C9800C1DAAC /* AppDelegate.swift in Sources */ = {isa = PBXBuildFile; fileRef = D167692C28A15C9800C1DAAC /* AppDelegate.swift */; };
		D167693128A15C9800C1DAAC /* LoginViewController.swift in Sources */ = {isa = PBXBuildFile; fileRef = D167693028A15C9800C1DAAC /* LoginViewController.swift */; };
		D167693628A15C9900C1DAAC /* Assets.xcassets in Resources */ = {isa = PBXBuildFile; fileRef = D167693528A15C9900C1DAAC /* Assets.xcassets */; };
		D167693928A15C9900C1DAAC /* LaunchScreen.storyboard in Resources */ = {isa = PBXBuildFile; fileRef = D167693728A15C9900C1DAAC /* LaunchScreen.storyboard */; };
		D167694328A15F4400C1DAAC /* LoginView.swift in Sources */ = {isa = PBXBuildFile; fileRef = D167694228A15F4400C1DAAC /* LoginView.swift */; };
		D167694828A1A61D00C1DAAC /* OnboardingContainerViewController.swift in Sources */ = {isa = PBXBuildFile; fileRef = D167694728A1A61D00C1DAAC /* OnboardingContainerViewController.swift */; };
		D167694C28A2E62D00C1DAAC /* OnboardingViewController.swift in Sources */ = {isa = PBXBuildFile; fileRef = D167694B28A2E62D00C1DAAC /* OnboardingViewController.swift */; };
		D1C3817628D0E863002E280B /* AccountSummaryCell.swift in Sources */ = {isa = PBXBuildFile; fileRef = D1C3817528D0E863002E280B /* AccountSummaryCell.swift */; };
		D1C3817828D613FA002E280B /* DecimalUtils.swift in Sources */ = {isa = PBXBuildFile; fileRef = D1C3817728D613FA002E280B /* DecimalUtils.swift */; };
		D1C3817A28D6148F002E280B /* CurrencyFormatter.swift in Sources */ = {isa = PBXBuildFile; fileRef = D1C3817928D6148F002E280B /* CurrencyFormatter.swift */; };
		D1C3818228D62A15002E280B /* BankeyUnitTests.swift in Sources */ = {isa = PBXBuildFile; fileRef = D1C3818128D62A15002E280B /* BankeyUnitTests.swift */; };
		D1C3818928D62D48002E280B /* CurrencyFormatterTests.swift in Sources */ = {isa = PBXBuildFile; fileRef = D1C3818828D62D48002E280B /* CurrencyFormatterTests.swift */; };
		D1C3818B28D9D208002E280B /* NSNotificationName.swift in Sources */ = {isa = PBXBuildFile; fileRef = D1C3818A28D9D208002E280B /* NSNotificationName.swift */; };
		D1C3818D28D9D713002E280B /* UITextField+SecureToggle.swift in Sources */ = {isa = PBXBuildFile; fileRef = D1C3818C28D9D713002E280B /* UITextField+SecureToggle.swift */; };
		D1C3819028DC94EB002E280B /* ShakeyBellView.swift in Sources */ = {isa = PBXBuildFile; fileRef = D1C3818F28DC94EB002E280B /* ShakeyBellView.swift */; };
		D1C3819228DCED6E002E280B /* Date+Utils.swift in Sources */ = {isa = PBXBuildFile; fileRef = D1C3819128DCED6E002E280B /* Date+Utils.swift */; };
		D1C3819428DCEE45002E280B /* AccountSummaryViewController+Network.swift in Sources */ = {isa = PBXBuildFile; fileRef = D1C3819328DCEE45002E280B /* AccountSummaryViewController+Network.swift */; };
		D1C3819828DD0492002E280B /* ProfileTests.swift in Sources */ = {isa = PBXBuildFile; fileRef = D1C3819728DD0492002E280B /* ProfileTests.swift */; };
		D1C3819A28DD055B002E280B /* AccountTests.swift in Sources */ = {isa = PBXBuildFile; fileRef = D1C3819928DD055B002E280B /* AccountTests.swift */; };
		D1C3819C28DF7515002E280B /* SkeletonLoadable.swift in Sources */ = {isa = PBXBuildFile; fileRef = D1C3819B28DF7515002E280B /* SkeletonLoadable.swift */; };
		D1C3819E28DF75BF002E280B /* SkeletonCell.swift in Sources */ = {isa = PBXBuildFile; fileRef = D1C3819D28DF75BF002E280B /* SkeletonCell.swift */; };
		D1E59F2928B6E1EE00D7BEE3 /* DummyViewController.swift in Sources */ = {isa = PBXBuildFile; fileRef = D1E59F2828B6E1ED00D7BEE3 /* DummyViewController.swift */; };
/* End PBXBuildFile section */

/* Begin PBXContainerItemProxy section */
		D1C3818328D62A15002E280B /* PBXContainerItemProxy */ = {
			isa = PBXContainerItemProxy;
			containerPortal = D167692128A15C9800C1DAAC /* Project object */;
			proxyType = 1;
			remoteGlobalIDString = D167692828A15C9800C1DAAC;
			remoteInfo = Bankey;
		};
/* End PBXContainerItemProxy section */

/* Begin PBXFileReference section */
		D1528D9728C6363800E68D94 /* LocalState.swift */ = {isa = PBXFileReference; lastKnownFileType = sourcecode.swift; path = LocalState.swift; sourceTree = "<group>"; };
		D1528D9928C664F200E68D94 /* UIViewController+Utils.swift */ = {isa = PBXFileReference; lastKnownFileType = sourcecode.swift; path = "UIViewController+Utils.swift"; sourceTree = "<group>"; };
		D1528D9B28C669C100E68D94 /* MainViewController.swift */ = {isa = PBXFileReference; lastKnownFileType = sourcecode.swift; path = MainViewController.swift; sourceTree = "<group>"; };
		D15F13A028D0AD7700A6E1A1 /* AccountSummaryViewController.swift */ = {isa = PBXFileReference; lastKnownFileType = sourcecode.swift; path = AccountSummaryViewController.swift; sourceTree = "<group>"; };
		D15F13A228D0B15E00A6E1A1 /* AccountSummaryHeaderView.swift */ = {isa = PBXFileReference; lastKnownFileType = sourcecode.swift; path = AccountSummaryHeaderView.swift; sourceTree = "<group>"; };
		D15F13A428D0B18C00A6E1A1 /* AccountSummaryHeaderView.xib */ = {isa = PBXFileReference; lastKnownFileType = file.xib; path = AccountSummaryHeaderView.xib; sourceTree = "<group>"; };
		D167692928A15C9800C1DAAC /* Bankey.app */ = {isa = PBXFileReference; explicitFileType = wrapper.application; includeInIndex = 0; path = Bankey.app; sourceTree = BUILT_PRODUCTS_DIR; };
		D167692C28A15C9800C1DAAC /* AppDelegate.swift */ = {isa = PBXFileReference; lastKnownFileType = sourcecode.swift; path = AppDelegate.swift; sourceTree = "<group>"; };
		D167693028A15C9800C1DAAC /* LoginViewController.swift */ = {isa = PBXFileReference; lastKnownFileType = sourcecode.swift; path = LoginViewController.swift; sourceTree = "<group>"; };
		D167693528A15C9900C1DAAC /* Assets.xcassets */ = {isa = PBXFileReference; lastKnownFileType = folder.assetcatalog; path = Assets.xcassets; sourceTree = "<group>"; };
		D167693828A15C9900C1DAAC /* Base */ = {isa = PBXFileReference; lastKnownFileType = file.storyboard; name = Base; path = Base.lproj/LaunchScreen.storyboard; sourceTree = "<group>"; };
		D167693A28A15C9900C1DAAC /* Info.plist */ = {isa = PBXFileReference; lastKnownFileType = text.plist.xml; path = Info.plist; sourceTree = "<group>"; };
		D167694228A15F4400C1DAAC /* LoginView.swift */ = {isa = PBXFileReference; lastKnownFileType = sourcecode.swift; path = LoginView.swift; sourceTree = "<group>"; };
		D167694728A1A61D00C1DAAC /* OnboardingContainerViewController.swift */ = {isa = PBXFileReference; lastKnownFileType = sourcecode.swift; path = OnboardingContainerViewController.swift; sourceTree = "<group>"; };
		D167694B28A2E62D00C1DAAC /* OnboardingViewController.swift */ = {isa = PBXFileReference; lastKnownFileType = sourcecode.swift; path = OnboardingViewController.swift; sourceTree = "<group>"; };
		D1C3817528D0E863002E280B /* AccountSummaryCell.swift */ = {isa = PBXFileReference; lastKnownFileType = sourcecode.swift; path = AccountSummaryCell.swift; sourceTree = "<group>"; };
		D1C3817728D613FA002E280B /* DecimalUtils.swift */ = {isa = PBXFileReference; lastKnownFileType = sourcecode.swift; path = DecimalUtils.swift; sourceTree = "<group>"; };
		D1C3817928D6148F002E280B /* CurrencyFormatter.swift */ = {isa = PBXFileReference; lastKnownFileType = sourcecode.swift; path = CurrencyFormatter.swift; sourceTree = "<group>"; };
		D1C3817F28D62A15002E280B /* BankeyUnitTests.xctest */ = {isa = PBXFileReference; explicitFileType = wrapper.cfbundle; includeInIndex = 0; path = BankeyUnitTests.xctest; sourceTree = BUILT_PRODUCTS_DIR; };
		D1C3818128D62A15002E280B /* BankeyUnitTests.swift */ = {isa = PBXFileReference; lastKnownFileType = sourcecode.swift; path = BankeyUnitTests.swift; sourceTree = "<group>"; };
		D1C3818828D62D48002E280B /* CurrencyFormatterTests.swift */ = {isa = PBXFileReference; lastKnownFileType = sourcecode.swift; path = CurrencyFormatterTests.swift; sourceTree = "<group>"; };
		D1C3818A28D9D208002E280B /* NSNotificationName.swift */ = {isa = PBXFileReference; lastKnownFileType = sourcecode.swift; path = NSNotificationName.swift; sourceTree = "<group>"; };
		D1C3818C28D9D713002E280B /* UITextField+SecureToggle.swift */ = {isa = PBXFileReference; lastKnownFileType = sourcecode.swift; path = "UITextField+SecureToggle.swift"; sourceTree = "<group>"; };
		D1C3818F28DC94EB002E280B /* ShakeyBellView.swift */ = {isa = PBXFileReference; lastKnownFileType = sourcecode.swift; path = ShakeyBellView.swift; sourceTree = "<group>"; };
		D1C3819128DCED6E002E280B /* Date+Utils.swift */ = {isa = PBXFileReference; lastKnownFileType = sourcecode.swift; path = "Date+Utils.swift"; sourceTree = "<group>"; };
		D1C3819328DCEE45002E280B /* AccountSummaryViewController+Network.swift */ = {isa = PBXFileReference; lastKnownFileType = sourcecode.swift; path = "AccountSummaryViewController+Network.swift"; sourceTree = "<group>"; };
		D1C3819728DD0492002E280B /* ProfileTests.swift */ = {isa = PBXFileReference; lastKnownFileType = sourcecode.swift; path = ProfileTests.swift; sourceTree = "<group>"; };
		D1C3819928DD055B002E280B /* AccountTests.swift */ = {isa = PBXFileReference; lastKnownFileType = sourcecode.swift; path = AccountTests.swift; sourceTree = "<group>"; };
		D1C3819B28DF7515002E280B /* SkeletonLoadable.swift */ = {isa = PBXFileReference; lastKnownFileType = sourcecode.swift; path = SkeletonLoadable.swift; sourceTree = "<group>"; };
		D1C3819D28DF75BF002E280B /* SkeletonCell.swift */ = {isa = PBXFileReference; lastKnownFileType = sourcecode.swift; path = SkeletonCell.swift; sourceTree = "<group>"; };
		D1E59F2828B6E1ED00D7BEE3 /* DummyViewController.swift */ = {isa = PBXFileReference; lastKnownFileType = sourcecode.swift; path = DummyViewController.swift; sourceTree = "<group>"; };
/* End PBXFileReference section */

/* Begin PBXFrameworksBuildPhase section */
		D167692628A15C9800C1DAAC /* Frameworks */ = {
			isa = PBXFrameworksBuildPhase;
			buildActionMask = 2147483647;
			files = (
			);
			runOnlyForDeploymentPostprocessing = 0;
		};
		D1C3817C28D62A15002E280B /* Frameworks */ = {
			isa = PBXFrameworksBuildPhase;
			buildActionMask = 2147483647;
			files = (
			);
			runOnlyForDeploymentPostprocessing = 0;
		};
/* End PBXFrameworksBuildPhase section */

/* Begin PBXGroup section */
		D1528D9628C6362000E68D94 /* Utils */ = {
			isa = PBXGroup;
			children = (
				D1528D9728C6363800E68D94 /* LocalState.swift */,
				D1528D9928C664F200E68D94 /* UIViewController+Utils.swift */,
				D1C3817728D613FA002E280B /* DecimalUtils.swift */,
				D1C3817928D6148F002E280B /* CurrencyFormatter.swift */,
				D1C3818A28D9D208002E280B /* NSNotificationName.swift */,
				D1C3818C28D9D713002E280B /* UITextField+SecureToggle.swift */,
				D1C3819128DCED6E002E280B /* Date+Utils.swift */,
			);
			path = Utils;
			sourceTree = "<group>";
		};
		D15F139F28D0AD1E00A6E1A1 /* AccountSummary */ = {
			isa = PBXGroup;
			children = (
				D15F13A028D0AD7700A6E1A1 /* AccountSummaryViewController.swift */,
				D1C3819328DCEE45002E280B /* AccountSummaryViewController+Network.swift */,
				D1C3817328D0E81B002E280B /* Header */,
				D1C3817428D0E835002E280B /* Cells */,
			);
			path = AccountSummary;
			sourceTree = "<group>";
		};
		D167692028A15C9800C1DAAC = {
			isa = PBXGroup;
			children = (
				D167692B28A15C9800C1DAAC /* Bankey */,
				D1C3818028D62A15002E280B /* BankeyUnitTests */,
				D167692A28A15C9800C1DAAC /* Products */,
			);
			sourceTree = "<group>";
		};
		D167692A28A15C9800C1DAAC /* Products */ = {
			isa = PBXGroup;
			children = (
				D167692928A15C9800C1DAAC /* Bankey.app */,
				D1C3817F28D62A15002E280B /* BankeyUnitTests.xctest */,
			);
			name = Products;
			sourceTree = "<group>";
		};
		D167692B28A15C9800C1DAAC /* Bankey */ = {
			isa = PBXGroup;
			children = (
				D1C3818E28DC9465002E280B /* Components */,
				D167692C28A15C9800C1DAAC /* AppDelegate.swift */,
				D167694128A15EFA00C1DAAC /* Login */,
				D167694A28A1A64800C1DAAC /* Onboarding */,
				D15F139F28D0AD1E00A6E1A1 /* AccountSummary */,
				D1528D9628C6362000E68D94 /* Utils */,
				D167694028A15EC400C1DAAC /* Files */,
				D1528D9B28C669C100E68D94 /* MainViewController.swift */,
			);
			path = Bankey;
			sourceTree = "<group>";
		};
		D167694028A15EC400C1DAAC /* Files */ = {
			isa = PBXGroup;
			children = (
				D167693528A15C9900C1DAAC /* Assets.xcassets */,
				D167693728A15C9900C1DAAC /* LaunchScreen.storyboard */,
				D167693A28A15C9900C1DAAC /* Info.plist */,
			);
			name = Files;
			sourceTree = "<group>";
		};
		D167694128A15EFA00C1DAAC /* Login */ = {
			isa = PBXGroup;
			children = (
				D167693028A15C9800C1DAAC /* LoginViewController.swift */,
				D167694228A15F4400C1DAAC /* LoginView.swift */,
				D1E59F2828B6E1ED00D7BEE3 /* DummyViewController.swift */,
			);
			path = Login;
			sourceTree = "<group>";
		};
		D167694A28A1A64800C1DAAC /* Onboarding */ = {
			isa = PBXGroup;
			children = (
				D167694728A1A61D00C1DAAC /* OnboardingContainerViewController.swift */,
				D167694B28A2E62D00C1DAAC /* OnboardingViewController.swift */,
			);
			path = Onboarding;
			sourceTree = "<group>";
		};
		D1C3817328D0E81B002E280B /* Header */ = {
			isa = PBXGroup;
			children = (
				D15F13A228D0B15E00A6E1A1 /* AccountSummaryHeaderView.swift */,
				D15F13A428D0B18C00A6E1A1 /* AccountSummaryHeaderView.xib */,
			);
			path = Header;
			sourceTree = "<group>";
		};
		D1C3817428D0E835002E280B /* Cells */ = {
			isa = PBXGroup;
			children = (
				D1C3817528D0E863002E280B /* AccountSummaryCell.swift */,
				D1C3819B28DF7515002E280B /* SkeletonLoadable.swift */,
				D1C3819D28DF75BF002E280B /* SkeletonCell.swift */,
			);
			path = Cells;
			sourceTree = "<group>";
		};
		D1C3818028D62A15002E280B /* BankeyUnitTests */ = {
			isa = PBXGroup;
			children = (
				D1C3819628DD047C002E280B /* AccountSummary */,
				D1C3819528DD0467002E280B /* Utils */,
			);
			path = BankeyUnitTests;
			sourceTree = "<group>";
		};
		D1C3818E28DC9465002E280B /* Components */ = {
			isa = PBXGroup;
			children = (
				D1C3818F28DC94EB002E280B /* ShakeyBellView.swift */,
			);
			path = Components;
			sourceTree = "<group>";
		};
		D1C3819528DD0467002E280B /* Utils */ = {
			isa = PBXGroup;
			children = (
				D1C3818128D62A15002E280B /* BankeyUnitTests.swift */,
				D1C3818828D62D48002E280B /* CurrencyFormatterTests.swift */,
			);
			path = Utils;
			sourceTree = "<group>";
		};
		D1C3819628DD047C002E280B /* AccountSummary */ = {
			isa = PBXGroup;
			children = (
				D1C3819728DD0492002E280B /* ProfileTests.swift */,
				D1C3819928DD055B002E280B /* AccountTests.swift */,
			);
			path = AccountSummary;
			sourceTree = "<group>";
		};
/* End PBXGroup section */

/* Begin PBXNativeTarget section */
		D167692828A15C9800C1DAAC /* Bankey */ = {
			isa = PBXNativeTarget;
			buildConfigurationList = D167693D28A15C9900C1DAAC /* Build configuration list for PBXNativeTarget "Bankey" */;
			buildPhases = (
				D167692528A15C9800C1DAAC /* Sources */,
				D167692628A15C9800C1DAAC /* Frameworks */,
				D167692728A15C9800C1DAAC /* Resources */,
			);
			buildRules = (
			);
			dependencies = (
			);
			name = Bankey;
			productName = Bankey;
			productReference = D167692928A15C9800C1DAAC /* Bankey.app */;
			productType = "com.apple.product-type.application";
		};
		D1C3817E28D62A15002E280B /* BankeyUnitTests */ = {
			isa = PBXNativeTarget;
			buildConfigurationList = D1C3818528D62A15002E280B /* Build configuration list for PBXNativeTarget "BankeyUnitTests" */;
			buildPhases = (
				D1C3817B28D62A15002E280B /* Sources */,
				D1C3817C28D62A15002E280B /* Frameworks */,
				D1C3817D28D62A15002E280B /* Resources */,
			);
			buildRules = (
			);
			dependencies = (
				D1C3818428D62A15002E280B /* PBXTargetDependency */,
			);
			name = BankeyUnitTests;
			productName = BankeyUnitTests;
			productReference = D1C3817F28D62A15002E280B /* BankeyUnitTests.xctest */;
			productType = "com.apple.product-type.bundle.unit-test";
		};
/* End PBXNativeTarget section */

/* Begin PBXProject section */
		D167692128A15C9800C1DAAC /* Project object */ = {
			isa = PBXProject;
			attributes = {
				BuildIndependentTargetsInParallel = 1;
				LastSwiftUpdateCheck = 1330;
				LastUpgradeCheck = 1330;
				TargetAttributes = {
					D167692828A15C9800C1DAAC = {
						CreatedOnToolsVersion = 13.3.1;
					};
					D1C3817E28D62A15002E280B = {
						CreatedOnToolsVersion = 13.3.1;
						TestTargetID = D167692828A15C9800C1DAAC;
					};
				};
			};
			buildConfigurationList = D167692428A15C9800C1DAAC /* Build configuration list for PBXProject "Bankey" */;
			compatibilityVersion = "Xcode 13.0";
			developmentRegion = en;
			hasScannedForEncodings = 0;
			knownRegions = (
				en,
				Base,
			);
			mainGroup = D167692028A15C9800C1DAAC;
			productRefGroup = D167692A28A15C9800C1DAAC /* Products */;
			projectDirPath = "";
			projectRoot = "";
			targets = (
				D167692828A15C9800C1DAAC /* Bankey */,
				D1C3817E28D62A15002E280B /* BankeyUnitTests */,
			);
		};
/* End PBXProject section */

/* Begin PBXResourcesBuildPhase section */
		D167692728A15C9800C1DAAC /* Resources */ = {
			isa = PBXResourcesBuildPhase;
			buildActionMask = 2147483647;
			files = (
				D15F13A528D0B18C00A6E1A1 /* AccountSummaryHeaderView.xib in Resources */,
				D167693928A15C9900C1DAAC /* LaunchScreen.storyboard in Resources */,
				D167693628A15C9900C1DAAC /* Assets.xcassets in Resources */,
			);
			runOnlyForDeploymentPostprocessing = 0;
		};
		D1C3817D28D62A15002E280B /* Resources */ = {
			isa = PBXResourcesBuildPhase;
			buildActionMask = 2147483647;
			files = (
			);
			runOnlyForDeploymentPostprocessing = 0;
		};
/* End PBXResourcesBuildPhase section */

/* Begin PBXSourcesBuildPhase section */
		D167692528A15C9800C1DAAC /* Sources */ = {
			isa = PBXSourcesBuildPhase;
			buildActionMask = 2147483647;
			files = (
				D1528D9A28C664F200E68D94 /* UIViewController+Utils.swift in Sources */,
				D1C3819E28DF75BF002E280B /* SkeletonCell.swift in Sources */,
				D1C3819228DCED6E002E280B /* Date+Utils.swift in Sources */,
				D167694328A15F4400C1DAAC /* LoginView.swift in Sources */,
				D1528D9828C6363800E68D94 /* LocalState.swift in Sources */,
				D15F13A328D0B15E00A6E1A1 /* AccountSummaryHeaderView.swift in Sources */,
				D1C3818D28D9D713002E280B /* UITextField+SecureToggle.swift in Sources */,
				D1E59F2928B6E1EE00D7BEE3 /* DummyViewController.swift in Sources */,
				D1C3817A28D6148F002E280B /* CurrencyFormatter.swift in Sources */,
				D1C3819428DCEE45002E280B /* AccountSummaryViewController+Network.swift in Sources */,
				D1C3817828D613FA002E280B /* DecimalUtils.swift in Sources */,
				D1C3818B28D9D208002E280B /* NSNotificationName.swift in Sources */,
				D167693128A15C9800C1DAAC /* LoginViewController.swift in Sources */,
				D1C3819028DC94EB002E280B /* ShakeyBellView.swift in Sources */,
				D1C3817628D0E863002E280B /* AccountSummaryCell.swift in Sources */,
				D167694C28A2E62D00C1DAAC /* OnboardingViewController.swift in Sources */,
				D1528D9C28C669C100E68D94 /* MainViewController.swift in Sources */,
				D15F13A128D0AD7700A6E1A1 /* AccountSummaryViewController.swift in Sources */,
				D167692D28A15C9800C1DAAC /* AppDelegate.swift in Sources */,
				D1C3819C28DF7515002E280B /* SkeletonLoadable.swift in Sources */,
				D167694828A1A61D00C1DAAC /* OnboardingContainerViewController.swift in Sources */,
			);
			runOnlyForDeploymentPostprocessing = 0;
		};
		D1C3817B28D62A15002E280B /* Sources */ = {
			isa = PBXSourcesBuildPhase;
			buildActionMask = 2147483647;
			files = (
				D1C3819828DD0492002E280B /* ProfileTests.swift in Sources */,
				D1C3819A28DD055B002E280B /* AccountTests.swift in Sources */,
				D1C3818228D62A15002E280B /* BankeyUnitTests.swift in Sources */,
				D1C3818928D62D48002E280B /* CurrencyFormatterTests.swift in Sources */,
			);
			runOnlyForDeploymentPostprocessing = 0;
		};
/* End PBXSourcesBuildPhase section */

/* Begin PBXTargetDependency section */
		D1C3818428D62A15002E280B /* PBXTargetDependency */ = {
			isa = PBXTargetDependency;
			target = D167692828A15C9800C1DAAC /* Bankey */;
			targetProxy = D1C3818328D62A15002E280B /* PBXContainerItemProxy */;
		};
/* End PBXTargetDependency section */

/* Begin PBXVariantGroup section */
		D167693728A15C9900C1DAAC /* LaunchScreen.storyboard */ = {
			isa = PBXVariantGroup;
			children = (
				D167693828A15C9900C1DAAC /* Base */,
			);
			name = LaunchScreen.storyboard;
			sourceTree = "<group>";
		};
/* End PBXVariantGroup section */

/* Begin XCBuildConfiguration section */
		D167693B28A15C9900C1DAAC /* Debug */ = {
			isa = XCBuildConfiguration;
			buildSettings = {
				ALWAYS_SEARCH_USER_PATHS = NO;
				CLANG_ANALYZER_NONNULL = YES;
				CLANG_ANALYZER_NUMBER_OBJECT_CONVERSION = YES_AGGRESSIVE;
				CLANG_CXX_LANGUAGE_STANDARD = "gnu++17";
				CLANG_ENABLE_MODULES = YES;
				CLANG_ENABLE_OBJC_ARC = YES;
				CLANG_ENABLE_OBJC_WEAK = YES;
				CLANG_WARN_BLOCK_CAPTURE_AUTORELEASING = YES;
				CLANG_WARN_BOOL_CONVERSION = YES;
				CLANG_WARN_COMMA = YES;
				CLANG_WARN_CONSTANT_CONVERSION = YES;
				CLANG_WARN_DEPRECATED_OBJC_IMPLEMENTATIONS = YES;
				CLANG_WARN_DIRECT_OBJC_ISA_USAGE = YES_ERROR;
				CLANG_WARN_DOCUMENTATION_COMMENTS = YES;
				CLANG_WARN_EMPTY_BODY = YES;
				CLANG_WARN_ENUM_CONVERSION = YES;
				CLANG_WARN_INFINITE_RECURSION = YES;
				CLANG_WARN_INT_CONVERSION = YES;
				CLANG_WARN_NON_LITERAL_NULL_CONVERSION = YES;
				CLANG_WARN_OBJC_IMPLICIT_RETAIN_SELF = YES;
				CLANG_WARN_OBJC_LITERAL_CONVERSION = YES;
				CLANG_WARN_OBJC_ROOT_CLASS = YES_ERROR;
				CLANG_WARN_QUOTED_INCLUDE_IN_FRAMEWORK_HEADER = YES;
				CLANG_WARN_RANGE_LOOP_ANALYSIS = YES;
				CLANG_WARN_STRICT_PROTOTYPES = YES;
				CLANG_WARN_SUSPICIOUS_MOVE = YES;
				CLANG_WARN_UNGUARDED_AVAILABILITY = YES_AGGRESSIVE;
				CLANG_WARN_UNREACHABLE_CODE = YES;
				CLANG_WARN__DUPLICATE_METHOD_MATCH = YES;
				COPY_PHASE_STRIP = NO;
				DEBUG_INFORMATION_FORMAT = dwarf;
				ENABLE_STRICT_OBJC_MSGSEND = YES;
				ENABLE_TESTABILITY = YES;
				GCC_C_LANGUAGE_STANDARD = gnu11;
				GCC_DYNAMIC_NO_PIC = NO;
				GCC_NO_COMMON_BLOCKS = YES;
				GCC_OPTIMIZATION_LEVEL = 0;
				GCC_PREPROCESSOR_DEFINITIONS = (
					"DEBUG=1",
					"$(inherited)",
				);
				GCC_WARN_64_TO_32_BIT_CONVERSION = YES;
				GCC_WARN_ABOUT_RETURN_TYPE = YES_ERROR;
				GCC_WARN_UNDECLARED_SELECTOR = YES;
				GCC_WARN_UNINITIALIZED_AUTOS = YES_AGGRESSIVE;
				GCC_WARN_UNUSED_FUNCTION = YES;
				GCC_WARN_UNUSED_VARIABLE = YES;
				IPHONEOS_DEPLOYMENT_TARGET = 15.4;
				MTL_ENABLE_DEBUG_INFO = INCLUDE_SOURCE;
				MTL_FAST_MATH = YES;
				ONLY_ACTIVE_ARCH = YES;
				SDKROOT = iphoneos;
				SWIFT_ACTIVE_COMPILATION_CONDITIONS = DEBUG;
				SWIFT_OPTIMIZATION_LEVEL = "-Onone";
			};
			name = Debug;
		};
		D167693C28A15C9900C1DAAC /* Release */ = {
			isa = XCBuildConfiguration;
			buildSettings = {
				ALWAYS_SEARCH_USER_PATHS = NO;
				CLANG_ANALYZER_NONNULL = YES;
				CLANG_ANALYZER_NUMBER_OBJECT_CONVERSION = YES_AGGRESSIVE;
				CLANG_CXX_LANGUAGE_STANDARD = "gnu++17";
				CLANG_ENABLE_MODULES = YES;
				CLANG_ENABLE_OBJC_ARC = YES;
				CLANG_ENABLE_OBJC_WEAK = YES;
				CLANG_WARN_BLOCK_CAPTURE_AUTORELEASING = YES;
				CLANG_WARN_BOOL_CONVERSION = YES;
				CLANG_WARN_COMMA = YES;
				CLANG_WARN_CONSTANT_CONVERSION = YES;
				CLANG_WARN_DEPRECATED_OBJC_IMPLEMENTATIONS = YES;
				CLANG_WARN_DIRECT_OBJC_ISA_USAGE = YES_ERROR;
				CLANG_WARN_DOCUMENTATION_COMMENTS = YES;
				CLANG_WARN_EMPTY_BODY = YES;
				CLANG_WARN_ENUM_CONVERSION = YES;
				CLANG_WARN_INFINITE_RECURSION = YES;
				CLANG_WARN_INT_CONVERSION = YES;
				CLANG_WARN_NON_LITERAL_NULL_CONVERSION = YES;
				CLANG_WARN_OBJC_IMPLICIT_RETAIN_SELF = YES;
				CLANG_WARN_OBJC_LITERAL_CONVERSION = YES;
				CLANG_WARN_OBJC_ROOT_CLASS = YES_ERROR;
				CLANG_WARN_QUOTED_INCLUDE_IN_FRAMEWORK_HEADER = YES;
				CLANG_WARN_RANGE_LOOP_ANALYSIS = YES;
				CLANG_WARN_STRICT_PROTOTYPES = YES;
				CLANG_WARN_SUSPICIOUS_MOVE = YES;
				CLANG_WARN_UNGUARDED_AVAILABILITY = YES_AGGRESSIVE;
				CLANG_WARN_UNREACHABLE_CODE = YES;
				CLANG_WARN__DUPLICATE_METHOD_MATCH = YES;
				COPY_PHASE_STRIP = NO;
				DEBUG_INFORMATION_FORMAT = "dwarf-with-dsym";
				ENABLE_NS_ASSERTIONS = NO;
				ENABLE_STRICT_OBJC_MSGSEND = YES;
				GCC_C_LANGUAGE_STANDARD = gnu11;
				GCC_NO_COMMON_BLOCKS = YES;
				GCC_WARN_64_TO_32_BIT_CONVERSION = YES;
				GCC_WARN_ABOUT_RETURN_TYPE = YES_ERROR;
				GCC_WARN_UNDECLARED_SELECTOR = YES;
				GCC_WARN_UNINITIALIZED_AUTOS = YES_AGGRESSIVE;
				GCC_WARN_UNUSED_FUNCTION = YES;
				GCC_WARN_UNUSED_VARIABLE = YES;
				IPHONEOS_DEPLOYMENT_TARGET = 15.4;
				MTL_ENABLE_DEBUG_INFO = NO;
				MTL_FAST_MATH = YES;
				SDKROOT = iphoneos;
				SWIFT_COMPILATION_MODE = wholemodule;
				SWIFT_OPTIMIZATION_LEVEL = "-O";
				VALIDATE_PRODUCT = YES;
			};
			name = Release;
		};
		D167693E28A15C9900C1DAAC /* Debug */ = {
			isa = XCBuildConfiguration;
			buildSettings = {
				ASSETCATALOG_COMPILER_APPICON_NAME = AppIcon;
				ASSETCATALOG_COMPILER_GLOBAL_ACCENT_COLOR_NAME = AccentColor;
				CODE_SIGN_STYLE = Automatic;
				CURRENT_PROJECT_VERSION = 1;
				DEVELOPMENT_TEAM = TR66A4HVVB;
				GENERATE_INFOPLIST_FILE = YES;
				INFOPLIST_FILE = Bankey/Info.plist;
				INFOPLIST_KEY_UIApplicationSupportsIndirectInputEvents = YES;
				INFOPLIST_KEY_UILaunchStoryboardName = LaunchScreen;
				INFOPLIST_KEY_UISupportedInterfaceOrientations_iPad = "UIInterfaceOrientationPortrait UIInterfaceOrientationPortraitUpsideDown UIInterfaceOrientationLandscapeLeft UIInterfaceOrientationLandscapeRight";
				INFOPLIST_KEY_UISupportedInterfaceOrientations_iPhone = "UIInterfaceOrientationPortrait UIInterfaceOrientationLandscapeLeft UIInterfaceOrientationLandscapeRight";
				LD_RUNPATH_SEARCH_PATHS = (
					"$(inherited)",
					"@executable_path/Frameworks",
				);
				MARKETING_VERSION = 1.0;
				PRODUCT_BUNDLE_IDENTIFIER = br.com.Bankey;
				PRODUCT_NAME = "$(TARGET_NAME)";
				SWIFT_EMIT_LOC_STRINGS = YES;
				SWIFT_VERSION = 5.0;
				TARGETED_DEVICE_FAMILY = "1,2";
			};
			name = Debug;
		};
		D167693F28A15C9900C1DAAC /* Release */ = {
			isa = XCBuildConfiguration;
			buildSettings = {
				ASSETCATALOG_COMPILER_APPICON_NAME = AppIcon;
				ASSETCATALOG_COMPILER_GLOBAL_ACCENT_COLOR_NAME = AccentColor;
				CODE_SIGN_STYLE = Automatic;
				CURRENT_PROJECT_VERSION = 1;
				DEVELOPMENT_TEAM = TR66A4HVVB;
				GENERATE_INFOPLIST_FILE = YES;
				INFOPLIST_FILE = Bankey/Info.plist;
				INFOPLIST_KEY_UIApplicationSupportsIndirectInputEvents = YES;
				INFOPLIST_KEY_UILaunchStoryboardName = LaunchScreen;
				INFOPLIST_KEY_UISupportedInterfaceOrientations_iPad = "UIInterfaceOrientationPortrait UIInterfaceOrientationPortraitUpsideDown UIInterfaceOrientationLandscapeLeft UIInterfaceOrientationLandscapeRight";
				INFOPLIST_KEY_UISupportedInterfaceOrientations_iPhone = "UIInterfaceOrientationPortrait UIInterfaceOrientationLandscapeLeft UIInterfaceOrientationLandscapeRight";
				LD_RUNPATH_SEARCH_PATHS = (
					"$(inherited)",
					"@executable_path/Frameworks",
				);
				MARKETING_VERSION = 1.0;
				PRODUCT_BUNDLE_IDENTIFIER = br.com.Bankey;
				PRODUCT_NAME = "$(TARGET_NAME)";
				SWIFT_EMIT_LOC_STRINGS = YES;
				SWIFT_VERSION = 5.0;
				TARGETED_DEVICE_FAMILY = "1,2";
			};
			name = Release;
		};
		D1C3818628D62A15002E280B /* Debug */ = {
			isa = XCBuildConfiguration;
			buildSettings = {
				BUNDLE_LOADER = "$(TEST_HOST)";
				CODE_SIGN_STYLE = Automatic;
				CURRENT_PROJECT_VERSION = 1;
				DEVELOPMENT_TEAM = TR66A4HVVB;
				GENERATE_INFOPLIST_FILE = YES;
				MARKETING_VERSION = 1.0;
				PRODUCT_BUNDLE_IDENTIFIER = br.com.BankeyUnitTests;
				PRODUCT_NAME = "$(TARGET_NAME)";
				SWIFT_EMIT_LOC_STRINGS = NO;
				SWIFT_VERSION = 5.0;
				TARGETED_DEVICE_FAMILY = "1,2";
				TEST_HOST = "$(BUILT_PRODUCTS_DIR)/Bankey.app/Bankey";
			};
			name = Debug;
		};
		D1C3818728D62A15002E280B /* Release */ = {
			isa = XCBuildConfiguration;
			buildSettings = {
				BUNDLE_LOADER = "$(TEST_HOST)";
				CODE_SIGN_STYLE = Automatic;
				CURRENT_PROJECT_VERSION = 1;
				DEVELOPMENT_TEAM = TR66A4HVVB;
				GENERATE_INFOPLIST_FILE = YES;
				MARKETING_VERSION = 1.0;
				PRODUCT_BUNDLE_IDENTIFIER = br.com.BankeyUnitTests;
				PRODUCT_NAME = "$(TARGET_NAME)";
				SWIFT_EMIT_LOC_STRINGS = NO;
				SWIFT_VERSION = 5.0;
				TARGETED_DEVICE_FAMILY = "1,2";
				TEST_HOST = "$(BUILT_PRODUCTS_DIR)/Bankey.app/Bankey";
			};
			name = Release;
		};
/* End XCBuildConfiguration section */

/* Begin XCConfigurationList section */
		D167692428A15C9800C1DAAC /* Build configuration list for PBXProject "Bankey" */ = {
			isa = XCConfigurationList;
			buildConfigurations = (
				D167693B28A15C9900C1DAAC /* Debug */,
				D167693C28A15C9900C1DAAC /* Release */,
			);
			defaultConfigurationIsVisible = 0;
			defaultConfigurationName = Release;
		};
		D167693D28A15C9900C1DAAC /* Build configuration list for PBXNativeTarget "Bankey" */ = {
			isa = XCConfigurationList;
			buildConfigurations = (
				D167693E28A15C9900C1DAAC /* Debug */,
				D167693F28A15C9900C1DAAC /* Release */,
			);
			defaultConfigurationIsVisible = 0;
			defaultConfigurationName = Release;
		};
		D1C3818528D62A15002E280B /* Build configuration list for PBXNativeTarget "BankeyUnitTests" */ = {
			isa = XCConfigurationList;
			buildConfigurations = (
				D1C3818628D62A15002E280B /* Debug */,
				D1C3818728D62A15002E280B /* Release */,
			);
			defaultConfigurationIsVisible = 0;
			defaultConfigurationName = Release;
		};
/* End XCConfigurationList section */
	};
	rootObject = D167692128A15C9800C1DAAC /* Project object */;
}
